
Microsoft Visual Studio Solution File, Format Version 12.00
# Visual Studio 15
VisualStudioVersion = 15.0.28307.852
MinimumVisualStudioVersion = 10.0.40219.1
Project("{2150E333-8FDC-42A3-9474-1A3956D46DE8}") = "0_HELPERS", "0_HELPERS", "{5E440399-5C25-4ED3-84E1-F0C3201852A7}"
EndProject
Project("{2150E333-8FDC-42A3-9474-1A3956D46DE8}") = "2_ENTITIES", "2_ENTITIES", "{1D71FC21-4973-4AC6-9C22-B3DAC0C5BB6C}"
EndProject
Project("{2150E333-8FDC-42A3-9474-1A3956D46DE8}") = "ComplexType", "ComplexType", "{A185C03E-84BB-4797-BAF0-E48A01B583F3}"
EndProject
Project("{2150E333-8FDC-42A3-9474-1A3956D46DE8}") = "Enum", "Enum", "{EAB8F380-F6FF-4148-8462-86A8612131FF}"
EndProject
Project("{2150E333-8FDC-42A3-9474-1A3956D46DE8}") = "Map", "Map", "{79D70E22-20DB-4319-8577-F4FB26CD5C38}"
EndProject
Project("{2150E333-8FDC-42A3-9474-1A3956D46DE8}") = "Model", "Model", "{AA1FA556-E55D-49DD-AEB5-F306AD42E231}"
EndProject
Project("{2150E333-8FDC-42A3-9474-1A3956D46DE8}") = "Validation", "Validation", "{428C8874-4F85-466F-9460-4CE6E2362D0B}"
EndProject
Project("{2150E333-8FDC-42A3-9474-1A3956D46DE8}") = "ViewModel", "ViewModel", "{14365AD9-AEB5-49D9-A89C-FE68D9D48A9B}"
EndProject
Project("{9A19103F-16F7-4668-BE54-9A1E7A4F7556}") = "AS_Licence.Entites.ComplexType", "AS_Licence.Entites.ComplexType\AS_Licence.Entites.ComplexType.csproj", "{ABDD4181-7E54-4995-9362-031B722CB358}"
EndProject
Project("{9A19103F-16F7-4668-BE54-9A1E7A4F7556}") = "AS_Licence.Entities.Model", "AS_Licence.Entities.Model\AS_Licence.Entities.Model.csproj", "{6B0A45F0-1A07-4B7C-8B28-3A1890C585CC}"
EndProject
Project("{9A19103F-16F7-4668-BE54-9A1E7A4F7556}") = "AS_Licence.Entites.Validation", "AS_Licence.Entites.Validation\AS_Licence.Entites.Validation.csproj", "{10F736B5-948D-4BA9-BA5C-521C1790504E}"
EndProject
Project("{2150E333-8FDC-42A3-9474-1A3956D46DE8}") = "8_TESTS", "8_TESTS", "{29F64650-044F-464B-A183-E5E7C5281072}"
EndProject
Project("{2150E333-8FDC-42A3-9474-1A3956D46DE8}") = "2-Entities", "2-Entities", "{49928ABF-125F-4107-AB86-4AD24E528C2E}"
EndProject
Project("{2150E333-8FDC-42A3-9474-1A3956D46DE8}") = "ValidatorTests", "ValidatorTests", "{160ADE89-CE4C-4A91-BC3A-9DCCBC16BFBE}"
EndProject
Project("{9A19103F-16F7-4668-BE54-9A1E7A4F7556}") = "AS_Licence.ValidatorTests", "AS_Licence.ValidatorTests\AS_Licence.ValidatorTests.csproj", "{91C7A056-DA77-4CE8-94CD-922517EF8A73}"
EndProject
Project("{2150E333-8FDC-42A3-9474-1A3956D46DE8}") = "3-DATA", "3-DATA", "{F7CEBB99-FD25-4417-B117-1392F61FA399}"
EndProject
Project("{2150E333-8FDC-42A3-9474-1A3956D46DE8}") = "Repository", "Repository", "{13B6A70E-87AB-4387-AB60-F375701A3EDA}"
EndProject
Project("{2150E333-8FDC-42A3-9474-1A3956D46DE8}") = "Interface", "Interface", "{01AB1CA8-F797-4B08-8F4E-2E872AFC053A}"
EndProject
Project("{9A19103F-16F7-4668-BE54-9A1E7A4F7556}") = "AS_Licence.Data.Interface", "AS_Licence.Data.Interface\AS_Licence.Data.Interface.csproj", "{7F179F42-CA95-4E74-95EE-43430388B105}"
EndProject
Project("{9A19103F-16F7-4668-BE54-9A1E7A4F7556}") = "AS_Licence.Data.Repository", "AS_Licence.Data.Repository\AS_Licence.Data.Repository.csproj", "{C5206A24-595D-40A5-9724-C9736EA93CDE}"
EndProject
Project("{2150E333-8FDC-42A3-9474-1A3956D46DE8}") = "3-Data", "3-Data", "{4650269C-AEB0-4A31-A7D8-EE7379E9BDA1}"
EndProject
Project("{2150E333-8FDC-42A3-9474-1A3956D46DE8}") = "EntityFrameworkTests", "EntityFrameworkTests", "{51863C1F-D495-40FF-9786-5A2775698043}"
EndProject
Project("{9A19103F-16F7-4668-BE54-9A1E7A4F7556}") = "AS_Licence.EntityFrameworkTests", "AS_Licence.EntityFrameworkTests\AS_Licence.EntityFrameworkTests.csproj", "{ED2EB683-F73F-48E5-B728-54CCE842A61D}"
EndProject
Project("{2150E333-8FDC-42A3-9474-1A3956D46DE8}") = "4-SERVICE", "4-SERVICE", "{37E66DFD-29E3-4F34-AEF4-CDC4A6C809C6}"
EndProject
Project("{2150E333-8FDC-42A3-9474-1A3956D46DE8}") = "Host", "Host", "{87FBFA27-B894-422D-AA1B-03CF25FBF6D5}"
EndProject
Project("{2150E333-8FDC-42A3-9474-1A3956D46DE8}") = "Interface", "Interface", "{15474127-B91C-49A2-9112-6943DD8BED3E}"
EndProject
Project("{9A19103F-16F7-4668-BE54-9A1E7A4F7556}") = "AS_Licence.Service.Interface", "AS_Licence.Service.Interface\AS_Licence.Service.Interface.csproj", "{E5A60DE2-AE93-4ED6-BAE3-C7822A05D2BF}"
EndProject
Project("{9A19103F-16F7-4668-BE54-9A1E7A4F7556}") = "AS_Licence.Entities.ViewModel", "AS_Licence.Entities.ViewModel\AS_Licence.Entities.ViewModel.csproj", "{7C5F2E4C-A26E-46AE-BEE6-45288F8A44C8}"
EndProject
Project("{9A19103F-16F7-4668-BE54-9A1E7A4F7556}") = "AS_Licence.Service.Host", "AS_Licence.Service.Host\AS_Licence.Service.Host.csproj", "{733AC231-95A6-4C22-A9B9-324F743E7875}"
EndProject
Project("{9A19103F-16F7-4668-BE54-9A1E7A4F7556}") = "AS_Licence.Helpers.Extension", "AS_Licence.Helpers.Extension\AS_Licence.Helpers.Extension.csproj", "{6A58DDEB-585D-4651-B342-E60B73175421}"
EndProject
Project("{2150E333-8FDC-42A3-9474-1A3956D46DE8}") = "Extension", "Extension", "{1BBC5E59-6CB2-43DE-BEA5-E6082F6353C1}"
EndProject
Project("{2150E333-8FDC-42A3-9474-1A3956D46DE8}") = "4-Service", "4-Service", "{41FAFEFE-415D-4ABB-90E4-6665CF0784D0}"
EndProject
Project("{2150E333-8FDC-42A3-9474-1A3956D46DE8}") = "UnitOfWorkTests", "UnitOfWorkTests", "{50D1A541-92D0-4324-B3DD-34758ECC261E}"
EndProject
Project("{9A19103F-16F7-4668-BE54-9A1E7A4F7556}") = "AS_Licence.UnitOfWorkTests", "AS_Licence.UnitOfWorkTests\AS_Licence.UnitOfWorkTests.csproj", "{10ADC0C8-CE1E-48DD-A0F3-16CA048B6A75}"
EndProject
Project("{2150E333-8FDC-42A3-9474-1A3956D46DE8}") = "5-PRESENTATION", "5-PRESENTATION", "{FB9872F9-8F0B-4171-B0BF-9688F5EB3668}"
EndProject
Project("{2150E333-8FDC-42A3-9474-1A3956D46DE8}") = "WEBUI", "WEBUI", "{18A30DE0-16F1-4951-8A0C-CF3B3793FE23}"
EndProject
Project("{2150E333-8FDC-42A3-9474-1A3956D46DE8}") = "COREAPI", "COREAPI", "{EA7983B2-691E-49C6-9B24-BDEF1F6C58AA}"
EndProject
Project("{2150E333-8FDC-42A3-9474-1A3956D46DE8}") = "ANGULAR", "ANGULAR", "{543BF497-8FBC-406D-83F1-8809D0DC26F0}"
EndProject
Project("{9A19103F-16F7-4668-BE54-9A1E7A4F7556}") = "AS_Licence.WebUI.CoreAPI", "AS_Licence.WebUI.CoreAPI\AS_Licence.WebUI.CoreAPI.csproj", "{B61F287C-4473-487F-9586-487B2D55B869}"
EndProject
Project("{9A19103F-16F7-4668-BE54-9A1E7A4F7556}") = "AS_Licence.Entites.Map", "AS_Licence.Entites.Map\AS_Licence.Entites.Map.csproj", "{39255041-BF84-4E40-A439-D47173E18762}"
EndProject
Project("{2150E333-8FDC-42A3-9474-1A3956D46DE8}") = "Dto", "Dto", "{2C142A5B-F1B2-41B7-BAF0-C903E00CD7B2}"
EndProject
Project("{9A19103F-16F7-4668-BE54-9A1E7A4F7556}") = "AS_Licence.Entites.Dto", "AS_Licence.Entites.Dto\AS_Licence.Entites.Dto.csproj", "{53A6CD40-4C7C-419E-946B-51B7B861750A}"
EndProject
Project("{2150E333-8FDC-42A3-9474-1A3956D46DE8}") = "Encryption", "Encryption", "{2F8DDE0D-F16B-4D9A-85D4-6692F02F2F30}"
EndProject
Project("{FAE04EC0-301F-11D3-BF4B-00C04F79EFBC}") = "AS_Licence.Helpers.Encryption", "AS_Licence.Helpers.Encryption\AS_Licence.Helpers.Encryption.csproj", "{BF55A239-2B6A-4585-9769-45D05924B3FB}"
EndProject
Project("{2150E333-8FDC-42A3-9474-1A3956D46DE8}") = "0-Helpers", "0-Helpers", "{DFC34FE4-A819-42BE-BB34-9A9864936BEE}"
EndProject
Project("{2150E333-8FDC-42A3-9474-1A3956D46DE8}") = "EncryptionUITests", "EncryptionUITests", "{7A7A2573-2A34-4E9A-8637-EB3C088D1AD1}"
EndProject
Project("{FAE04EC0-301F-11D3-BF4B-00C04F79EFBC}") = "AS_Licence.Helpers.EncryptionUI", "AS_Licence.Helpers.EncryptionUI\AS_Licence.Helpers.EncryptionUI.csproj", "{296A947B-1AF5-4470-8800-B66CC652B6C3}"
EndProject
Project("{FAE04EC0-301F-11D3-BF4B-00C04F79EFBC}") = "AS_Licence.EncryptionUITests", "AS_Licence.EncryptionUITests\AS_Licence.EncryptionUITests.csproj", "{58101E82-27A8-4813-83B3-6AE55EBCECE1}"
EndProject
Global
	GlobalSection(SolutionConfigurationPlatforms) = preSolution
		Debug|Any CPU = Debug|Any CPU
		Release|Any CPU = Release|Any CPU
	EndGlobalSection
	GlobalSection(ProjectConfigurationPlatforms) = postSolution
		{ABDD4181-7E54-4995-9362-031B722CB358}.Debug|Any CPU.ActiveCfg = Debug|Any CPU
		{ABDD4181-7E54-4995-9362-031B722CB358}.Debug|Any CPU.Build.0 = Debug|Any CPU
		{ABDD4181-7E54-4995-9362-031B722CB358}.Release|Any CPU.ActiveCfg = Release|Any CPU
		{ABDD4181-7E54-4995-9362-031B722CB358}.Release|Any CPU.Build.0 = Release|Any CPU
		{6B0A45F0-1A07-4B7C-8B28-3A1890C585CC}.Debug|Any CPU.ActiveCfg = Debug|Any CPU
		{6B0A45F0-1A07-4B7C-8B28-3A1890C585CC}.Debug|Any CPU.Build.0 = Debug|Any CPU
		{6B0A45F0-1A07-4B7C-8B28-3A1890C585CC}.Release|Any CPU.ActiveCfg = Release|Any CPU
		{6B0A45F0-1A07-4B7C-8B28-3A1890C585CC}.Release|Any CPU.Build.0 = Release|Any CPU
		{10F736B5-948D-4BA9-BA5C-521C1790504E}.Debug|Any CPU.ActiveCfg = Debug|Any CPU
		{10F736B5-948D-4BA9-BA5C-521C1790504E}.Debug|Any CPU.Build.0 = Debug|Any CPU
		{10F736B5-948D-4BA9-BA5C-521C1790504E}.Release|Any CPU.ActiveCfg = Release|Any CPU
		{10F736B5-948D-4BA9-BA5C-521C1790504E}.Release|Any CPU.Build.0 = Release|Any CPU
		{91C7A056-DA77-4CE8-94CD-922517EF8A73}.Debug|Any CPU.ActiveCfg = Debug|Any CPU
		{91C7A056-DA77-4CE8-94CD-922517EF8A73}.Debug|Any CPU.Build.0 = Debug|Any CPU
		{91C7A056-DA77-4CE8-94CD-922517EF8A73}.Release|Any CPU.ActiveCfg = Release|Any CPU
		{91C7A056-DA77-4CE8-94CD-922517EF8A73}.Release|Any CPU.Build.0 = Release|Any CPU
		{7F179F42-CA95-4E74-95EE-43430388B105}.Debug|Any CPU.ActiveCfg = Debug|Any CPU
		{7F179F42-CA95-4E74-95EE-43430388B105}.Debug|Any CPU.Build.0 = Debug|Any CPU
		{7F179F42-CA95-4E74-95EE-43430388B105}.Release|Any CPU.ActiveCfg = Release|Any CPU
		{7F179F42-CA95-4E74-95EE-43430388B105}.Release|Any CPU.Build.0 = Release|Any CPU
		{C5206A24-595D-40A5-9724-C9736EA93CDE}.Debug|Any CPU.ActiveCfg = Debug|Any CPU
		{C5206A24-595D-40A5-9724-C9736EA93CDE}.Debug|Any CPU.Build.0 = Debug|Any CPU
		{C5206A24-595D-40A5-9724-C9736EA93CDE}.Release|Any CPU.ActiveCfg = Release|Any CPU
		{C5206A24-595D-40A5-9724-C9736EA93CDE}.Release|Any CPU.Build.0 = Release|Any CPU
		{ED2EB683-F73F-48E5-B728-54CCE842A61D}.Debug|Any CPU.ActiveCfg = Debug|Any CPU
		{ED2EB683-F73F-48E5-B728-54CCE842A61D}.Debug|Any CPU.Build.0 = Debug|Any CPU
		{ED2EB683-F73F-48E5-B728-54CCE842A61D}.Release|Any CPU.ActiveCfg = Release|Any CPU
		{ED2EB683-F73F-48E5-B728-54CCE842A61D}.Release|Any CPU.Build.0 = Release|Any CPU
		{E5A60DE2-AE93-4ED6-BAE3-C7822A05D2BF}.Debug|Any CPU.ActiveCfg = Debug|Any CPU
		{E5A60DE2-AE93-4ED6-BAE3-C7822A05D2BF}.Debug|Any CPU.Build.0 = Debug|Any CPU
		{E5A60DE2-AE93-4ED6-BAE3-C7822A05D2BF}.Release|Any CPU.ActiveCfg = Release|Any CPU
		{E5A60DE2-AE93-4ED6-BAE3-C7822A05D2BF}.Release|Any CPU.Build.0 = Release|Any CPU
		{7C5F2E4C-A26E-46AE-BEE6-45288F8A44C8}.Debug|Any CPU.ActiveCfg = Debug|Any CPU
		{7C5F2E4C-A26E-46AE-BEE6-45288F8A44C8}.Debug|Any CPU.Build.0 = Debug|Any CPU
		{7C5F2E4C-A26E-46AE-BEE6-45288F8A44C8}.Release|Any CPU.ActiveCfg = Release|Any CPU
		{7C5F2E4C-A26E-46AE-BEE6-45288F8A44C8}.Release|Any CPU.Build.0 = Release|Any CPU
		{733AC231-95A6-4C22-A9B9-324F743E7875}.Debug|Any CPU.ActiveCfg = Debug|Any CPU
		{733AC231-95A6-4C22-A9B9-324F743E7875}.Debug|Any CPU.Build.0 = Debug|Any CPU
		{733AC231-95A6-4C22-A9B9-324F743E7875}.Release|Any CPU.ActiveCfg = Release|Any CPU
		{733AC231-95A6-4C22-A9B9-324F743E7875}.Release|Any CPU.Build.0 = Release|Any CPU
		{6A58DDEB-585D-4651-B342-E60B73175421}.Debug|Any CPU.ActiveCfg = Debug|Any CPU
		{6A58DDEB-585D-4651-B342-E60B73175421}.Debug|Any CPU.Build.0 = Debug|Any CPU
		{6A58DDEB-585D-4651-B342-E60B73175421}.Release|Any CPU.ActiveCfg = Release|Any CPU
		{6A58DDEB-585D-4651-B342-E60B73175421}.Release|Any CPU.Build.0 = Release|Any CPU
		{10ADC0C8-CE1E-48DD-A0F3-16CA048B6A75}.Debug|Any CPU.ActiveCfg = Debug|Any CPU
		{10ADC0C8-CE1E-48DD-A0F3-16CA048B6A75}.Debug|Any CPU.Build.0 = Debug|Any CPU
		{10ADC0C8-CE1E-48DD-A0F3-16CA048B6A75}.Release|Any CPU.ActiveCfg = Release|Any CPU
		{10ADC0C8-CE1E-48DD-A0F3-16CA048B6A75}.Release|Any CPU.Build.0 = Release|Any CPU
		{B61F287C-4473-487F-9586-487B2D55B869}.Debug|Any CPU.ActiveCfg = Debug|Any CPU
		{B61F287C-4473-487F-9586-487B2D55B869}.Debug|Any CPU.Build.0 = Debug|Any CPU
		{B61F287C-4473-487F-9586-487B2D55B869}.Release|Any CPU.ActiveCfg = Release|Any CPU
		{B61F287C-4473-487F-9586-487B2D55B869}.Release|Any CPU.Build.0 = Release|Any CPU
		{39255041-BF84-4E40-A439-D47173E18762}.Debug|Any CPU.ActiveCfg = Debug|Any CPU
		{39255041-BF84-4E40-A439-D47173E18762}.Debug|Any CPU.Build.0 = Debug|Any CPU
		{39255041-BF84-4E40-A439-D47173E18762}.Release|Any CPU.ActiveCfg = Release|Any CPU
		{39255041-BF84-4E40-A439-D47173E18762}.Release|Any CPU.Build.0 = Release|Any CPU
		{53A6CD40-4C7C-419E-946B-51B7B861750A}.Debug|Any CPU.ActiveCfg = Debug|Any CPU
		{53A6CD40-4C7C-419E-946B-51B7B861750A}.Debug|Any CPU.Build.0 = Debug|Any CPU
		{53A6CD40-4C7C-419E-946B-51B7B861750A}.Release|Any CPU.ActiveCfg = Release|Any CPU
		{53A6CD40-4C7C-419E-946B-51B7B861750A}.Release|Any CPU.Build.0 = Release|Any CPU
		{BF55A239-2B6A-4585-9769-45D05924B3FB}.Debug|Any CPU.ActiveCfg = Debug|Any CPU
		{BF55A239-2B6A-4585-9769-45D05924B3FB}.Debug|Any CPU.Build.0 = Debug|Any CPU
		{BF55A239-2B6A-4585-9769-45D05924B3FB}.Release|Any CPU.ActiveCfg = Release|Any CPU
		{BF55A239-2B6A-4585-9769-45D05924B3FB}.Release|Any CPU.Build.0 = Release|Any CPU
		{296A947B-1AF5-4470-8800-B66CC652B6C3}.Debug|Any CPU.ActiveCfg = Debug|Any CPU
		{296A947B-1AF5-4470-8800-B66CC652B6C3}.Debug|Any CPU.Build.0 = Debug|Any CPU
		{296A947B-1AF5-4470-8800-B66CC652B6C3}.Release|Any CPU.ActiveCfg = Release|Any CPU
		{296A947B-1AF5-4470-8800-B66CC652B6C3}.Release|Any CPU.Build.0 = Release|Any CPU
		{58101E82-27A8-4813-83B3-6AE55EBCECE1}.Debug|Any CPU.ActiveCfg = Debug|Any CPU
		{58101E82-27A8-4813-83B3-6AE55EBCECE1}.Debug|Any CPU.Build.0 = Debug|Any CPU
		{58101E82-27A8-4813-83B3-6AE55EBCECE1}.Release|Any CPU.ActiveCfg = Release|Any CPU
		{58101E82-27A8-4813-83B3-6AE55EBCECE1}.Release|Any CPU.Build.0 = Release|Any CPU
	EndGlobalSection
	GlobalSection(SolutionProperties) = preSolution
		HideSolutionNode = FALSE
	EndGlobalSection
	GlobalSection(NestedProjects) = preSolution
		{A185C03E-84BB-4797-BAF0-E48A01B583F3} = {1D71FC21-4973-4AC6-9C22-B3DAC0C5BB6C}
		{EAB8F380-F6FF-4148-8462-86A8612131FF} = {1D71FC21-4973-4AC6-9C22-B3DAC0C5BB6C}
		{79D70E22-20DB-4319-8577-F4FB26CD5C38} = {1D71FC21-4973-4AC6-9C22-B3DAC0C5BB6C}
		{AA1FA556-E55D-49DD-AEB5-F306AD42E231} = {1D71FC21-4973-4AC6-9C22-B3DAC0C5BB6C}
		{428C8874-4F85-466F-9460-4CE6E2362D0B} = {1D71FC21-4973-4AC6-9C22-B3DAC0C5BB6C}
		{14365AD9-AEB5-49D9-A89C-FE68D9D48A9B} = {1D71FC21-4973-4AC6-9C22-B3DAC0C5BB6C}
		{ABDD4181-7E54-4995-9362-031B722CB358} = {A185C03E-84BB-4797-BAF0-E48A01B583F3}
		{6B0A45F0-1A07-4B7C-8B28-3A1890C585CC} = {AA1FA556-E55D-49DD-AEB5-F306AD42E231}
		{10F736B5-948D-4BA9-BA5C-521C1790504E} = {428C8874-4F85-466F-9460-4CE6E2362D0B}
		{49928ABF-125F-4107-AB86-4AD24E528C2E} = {29F64650-044F-464B-A183-E5E7C5281072}
		{160ADE89-CE4C-4A91-BC3A-9DCCBC16BFBE} = {49928ABF-125F-4107-AB86-4AD24E528C2E}
		{91C7A056-DA77-4CE8-94CD-922517EF8A73} = {160ADE89-CE4C-4A91-BC3A-9DCCBC16BFBE}
		{13B6A70E-87AB-4387-AB60-F375701A3EDA} = {F7CEBB99-FD25-4417-B117-1392F61FA399}
		{01AB1CA8-F797-4B08-8F4E-2E872AFC053A} = {F7CEBB99-FD25-4417-B117-1392F61FA399}
		{7F179F42-CA95-4E74-95EE-43430388B105} = {01AB1CA8-F797-4B08-8F4E-2E872AFC053A}
		{C5206A24-595D-40A5-9724-C9736EA93CDE} = {13B6A70E-87AB-4387-AB60-F375701A3EDA}
		{4650269C-AEB0-4A31-A7D8-EE7379E9BDA1} = {29F64650-044F-464B-A183-E5E7C5281072}
		{51863C1F-D495-40FF-9786-5A2775698043} = {4650269C-AEB0-4A31-A7D8-EE7379E9BDA1}
		{ED2EB683-F73F-48E5-B728-54CCE842A61D} = {51863C1F-D495-40FF-9786-5A2775698043}
		{87FBFA27-B894-422D-AA1B-03CF25FBF6D5} = {37E66DFD-29E3-4F34-AEF4-CDC4A6C809C6}
		{15474127-B91C-49A2-9112-6943DD8BED3E} = {37E66DFD-29E3-4F34-AEF4-CDC4A6C809C6}
		{E5A60DE2-AE93-4ED6-BAE3-C7822A05D2BF} = {15474127-B91C-49A2-9112-6943DD8BED3E}
		{7C5F2E4C-A26E-46AE-BEE6-45288F8A44C8} = {14365AD9-AEB5-49D9-A89C-FE68D9D48A9B}
		{733AC231-95A6-4C22-A9B9-324F743E7875} = {87FBFA27-B894-422D-AA1B-03CF25FBF6D5}
		{6A58DDEB-585D-4651-B342-E60B73175421} = {1BBC5E59-6CB2-43DE-BEA5-E6082F6353C1}
		{1BBC5E59-6CB2-43DE-BEA5-E6082F6353C1} = {5E440399-5C25-4ED3-84E1-F0C3201852A7}
		{41FAFEFE-415D-4ABB-90E4-6665CF0784D0} = {29F64650-044F-464B-A183-E5E7C5281072}
		{50D1A541-92D0-4324-B3DD-34758ECC261E} = {41FAFEFE-415D-4ABB-90E4-6665CF0784D0}
		{10ADC0C8-CE1E-48DD-A0F3-16CA048B6A75} = {50D1A541-92D0-4324-B3DD-34758ECC261E}
		{18A30DE0-16F1-4951-8A0C-CF3B3793FE23} = {FB9872F9-8F0B-4171-B0BF-9688F5EB3668}
		{EA7983B2-691E-49C6-9B24-BDEF1F6C58AA} = {18A30DE0-16F1-4951-8A0C-CF3B3793FE23}
		{543BF497-8FBC-406D-83F1-8809D0DC26F0} = {18A30DE0-16F1-4951-8A0C-CF3B3793FE23}
		{B61F287C-4473-487F-9586-487B2D55B869} = {EA7983B2-691E-49C6-9B24-BDEF1F6C58AA}
		{39255041-BF84-4E40-A439-D47173E18762} = {79D70E22-20DB-4319-8577-F4FB26CD5C38}
		{2C142A5B-F1B2-41B7-BAF0-C903E00CD7B2} = {1D71FC21-4973-4AC6-9C22-B3DAC0C5BB6C}
		{53A6CD40-4C7C-419E-946B-51B7B861750A} = {2C142A5B-F1B2-41B7-BAF0-C903E00CD7B2}
		{2F8DDE0D-F16B-4D9A-85D4-6692F02F2F30} = {5E440399-5C25-4ED3-84E1-F0C3201852A7}
		{BF55A239-2B6A-4585-9769-45D05924B3FB} = {2F8DDE0D-F16B-4D9A-85D4-6692F02F2F30}
		{DFC34FE4-A819-42BE-BB34-9A9864936BEE} = {29F64650-044F-464B-A183-E5E7C5281072}
		{7A7A2573-2A34-4E9A-8637-EB3C088D1AD1} = {DFC34FE4-A819-42BE-BB34-9A9864936BEE}
		{296A947B-1AF5-4470-8800-B66CC652B6C3} = {2F8DDE0D-F16B-4D9A-85D4-6692F02F2F30}
		{58101E82-27A8-4813-83B3-6AE55EBCECE1} = {7A7A2573-2A34-4E9A-8637-EB3C088D1AD1}
	EndGlobalSection
	GlobalSection(ExtensibilityGlobals) = postSolution
		SolutionGuid = {9E70DE5C-592D-4459-95B9-6BC9D5CAE838}
	EndGlobalSection
EndGlobal
